// !$*UTF8*$!
{
	archiveVersion = 1;
	classes = {
	};
	objectVersion = 48;
	objects = {

/* Begin PBXBuildFile section */
		E70854E81FEEC0E80084A307 /* AppDelegate.swift in Sources */ = {isa = PBXBuildFile; fileRef = E70854E71FEEC0E80084A307 /* AppDelegate.swift */; };
		E70854EA1FEEC0E80084A307 /* ViewController.swift in Sources */ = {isa = PBXBuildFile; fileRef = E70854E91FEEC0E80084A307 /* ViewController.swift */; };
		E70854ED1FEEC0E80084A307 /* Main.storyboard in Resources */ = {isa = PBXBuildFile; fileRef = E70854EB1FEEC0E80084A307 /* Main.storyboard */; };
		E70854EF1FEEC0E80084A307 /* Assets.xcassets in Resources */ = {isa = PBXBuildFile; fileRef = E70854EE1FEEC0E80084A307 /* Assets.xcassets */; };
		E70854F21FEEC0E80084A307 /* LaunchScreen.storyboard in Resources */ = {isa = PBXBuildFile; fileRef = E70854F01FEEC0E80084A307 /* LaunchScreen.storyboard */; };
		E70854FD1FEEC0E80084A307 /* TipsterTests.swift in Sources */ = {isa = PBXBuildFile; fileRef = E70854FC1FEEC0E80084A307 /* TipsterTests.swift */; };
		E70855081FEEC0E80084A307 /* TipsterUITests.swift in Sources */ = {isa = PBXBuildFile; fileRef = E70855071FEEC0E80084A307 /* TipsterUITests.swift */; };
/* End PBXBuildFile section */

/* Begin PBXContainerItemProxy section */
		E70854F91FEEC0E80084A307 /* PBXContainerItemProxy */ = {
			isa = PBXContainerItemProxy;
			containerPortal = E70854DC1FEEC0E80084A307 /* Project object */;
			proxyType = 1;
			remoteGlobalIDString = E70854E31FEEC0E80084A307;
			remoteInfo = Tipster;
		};
		E70855041FEEC0E80084A307 /* PBXContainerItemProxy */ = {
			isa = PBXContainerItemProxy;
			containerPortal = E70854DC1FEEC0E80084A307 /* Project object */;
			proxyType = 1;
			remoteGlobalIDString = E70854E31FEEC0E80084A307;
			remoteInfo = Tipster;
		};
/* End PBXContainerItemProxy section */

/* Begin PBXFileReference section */
		E70854E41FEEC0E80084A307 /* Tipster.app */ = {isa = PBXFileReference; explicitFileType = wrapper.application; includeInIndex = 0; path = Tipster.app; sourceTree = BUILT_PRODUCTS_DIR; };
		E70854E71FEEC0E80084A307 /* AppDelegate.swift */ = {isa = PBXFileReference; lastKnownFileType = sourcecode.swift; path = AppDelegate.swift; sourceTree = "<group>"; };
		E70854E91FEEC0E80084A307 /* ViewController.swift */ = {isa = PBXFileReference; lastKnownFileType = sourcecode.swift; path = ViewController.swift; sourceTree = "<group>"; };
		E70854EC1FEEC0E80084A307 /* Base */ = {isa = PBXFileReference; lastKnownFileType = file.storyboard; name = Base; path = Base.lproj/Main.storyboard; sourceTree = "<group>"; };
		E70854EE1FEEC0E80084A307 /* Assets.xcassets */ = {isa = PBXFileReference; lastKnownFileType = folder.assetcatalog; path = Assets.xcassets; sourceTree = "<group>"; };
		E70854F11FEEC0E80084A307 /* Base */ = {isa = PBXFileReference; lastKnownFileType = file.storyboard; name = Base; path = Base.lproj/LaunchScreen.storyboard; sourceTree = "<group>"; };
		E70854F31FEEC0E80084A307 /* Info.plist */ = {isa = PBXFileReference; lastKnownFileType = text.plist.xml; path = Info.plist; sourceTree = "<group>"; };
		E70854F81FEEC0E80084A307 /* TipsterTests.xctest */ = {isa = PBXFileReference; explicitFileType = wrapper.cfbundle; includeInIndex = 0; path = TipsterTests.xctest; sourceTree = BUILT_PRODUCTS_DIR; };
		E70854FC1FEEC0E80084A307 /* TipsterTests.swift */ = {isa = PBXFileReference; lastKnownFileType = sourcecode.swift; path = TipsterTests.swift; sourceTree = "<group>"; };
		E70854FE1FEEC0E80084A307 /* Info.plist */ = {isa = PBXFileReference; lastKnownFileType = text.plist.xml; path = Info.plist; sourceTree = "<group>"; };
		E70855031FEEC0E80084A307 /* TipsterUITests.xctest */ = {isa = PBXFileReference; explicitFileType = wrapper.cfbundle; includeInIndex = 0; path = TipsterUITests.xctest; sourceTree = BUILT_PRODUCTS_DIR; };
		E70855071FEEC0E80084A307 /* TipsterUITests.swift */ = {isa = PBXFileReference; lastKnownFileType = sourcecode.swift; path = TipsterUITests.swift; sourceTree = "<group>"; };
		E70855091FEEC0E80084A307 /* Info.plist */ = {isa = PBXFileReference; lastKnownFileType = text.plist.xml; path = Info.plist; sourceTree = "<group>"; };
/* End PBXFileReference section */

/* Begin PBXFrameworksBuildPhase section */
		E70854E11FEEC0E80084A307 /* Frameworks */ = {
			isa = PBXFrameworksBuildPhase;
			buildActionMask = 2147483647;
			files = (
			);
			runOnlyForDeploymentPostprocessing = 0;
		};
		E70854F51FEEC0E80084A307 /* Frameworks */ = {
			isa = PBXFrameworksBuildPhase;
			buildActionMask = 2147483647;
			files = (
			);
			runOnlyForDeploymentPostprocessing = 0;
		};
		E70855001FEEC0E80084A307 /* Frameworks */ = {
			isa = PBXFrameworksBuildPhase;
			buildActionMask = 2147483647;
			files = (
			);
			runOnlyForDeploymentPostprocessing = 0;
		};
/* End PBXFrameworksBuildPhase section */

/* Begin PBXGroup section */
		E70854DB1FEEC0E80084A307 = {
			isa = PBXGroup;
			children = (
				E70854E61FEEC0E80084A307 /* Tipster */,
				E70854FB1FEEC0E80084A307 /* TipsterTests */,
				E70855061FEEC0E80084A307 /* TipsterUITests */,
				E70854E51FEEC0E80084A307 /* Products */,
			);
			sourceTree = "<group>";
		};
		E70854E51FEEC0E80084A307 /* Products */ = {
			isa = PBXGroup;
			children = (
				E70854E41FEEC0E80084A307 /* Tipster.app */,
				E70854F81FEEC0E80084A307 /* TipsterTests.xctest */,
				E70855031FEEC0E80084A307 /* TipsterUITests.xctest */,
			);
			name = Products;
			sourceTree = "<group>";
		};
		E70854E61FEEC0E80084A307 /* Tipster */ = {
			isa = PBXGroup;
			children = (
				E70854E71FEEC0E80084A307 /* AppDelegate.swift */,
				E70854E91FEEC0E80084A307 /* ViewController.swift */,
				E70854EB1FEEC0E80084A307 /* Main.storyboard */,
				E70854EE1FEEC0E80084A307 /* Assets.xcassets */,
				E70854F01FEEC0E80084A307 /* LaunchScreen.storyboard */,
				E70854F31FEEC0E80084A307 /* Info.plist */,
			);
			path = Tipster;
			sourceTree = "<group>";
		};
		E70854FB1FEEC0E80084A307 /* TipsterTests */ = {
			isa = PBXGroup;
			children = (
				E70854FC1FEEC0E80084A307 /* TipsterTests.swift */,
				E70854FE1FEEC0E80084A307 /* Info.plist */,
			);
			path = TipsterTests;
			sourceTree = "<group>";
		};
		E70855061FEEC0E80084A307 /* TipsterUITests */ = {
			isa = PBXGroup;
			children = (
				E70855071FEEC0E80084A307 /* TipsterUITests.swift */,
				E70855091FEEC0E80084A307 /* Info.plist */,
			);
			path = TipsterUITests;
			sourceTree = "<group>";
		};
/* End PBXGroup section */

/* Begin PBXNativeTarget section */
		E70854E31FEEC0E80084A307 /* Tipster */ = {
			isa = PBXNativeTarget;
			buildConfigurationList = E708550C1FEEC0E80084A307 /* Build configuration list for PBXNativeTarget "Tipster" */;
			buildPhases = (
				E70854E01FEEC0E80084A307 /* Sources */,
				E70854E11FEEC0E80084A307 /* Frameworks */,
				E70854E21FEEC0E80084A307 /* Resources */,
			);
			buildRules = (
			);
			dependencies = (
			);
			name = Tipster;
			productName = Tipster;
			productReference = E70854E41FEEC0E80084A307 /* Tipster.app */;
			productType = "com.apple.product-type.application";
		};
		E70854F71FEEC0E80084A307 /* TipsterTests */ = {
			isa = PBXNativeTarget;
			buildConfigurationList = E708550F1FEEC0E80084A307 /* Build configuration list for PBXNativeTarget "TipsterTests" */;
			buildPhases = (
				E70854F41FEEC0E80084A307 /* Sources */,
				E70854F51FEEC0E80084A307 /* Frameworks */,
				E70854F61FEEC0E80084A307 /* Resources */,
			);
			buildRules = (
			);
			dependencies = (
				E70854FA1FEEC0E80084A307 /* PBXTargetDependency */,
			);
			name = TipsterTests;
			productName = TipsterTests;
			productReference = E70854F81FEEC0E80084A307 /* TipsterTests.xctest */;
			productType = "com.apple.product-type.bundle.unit-test";
		};
		E70855021FEEC0E80084A307 /* TipsterUITests */ = {
			isa = PBXNativeTarget;
			buildConfigurationList = E70855121FEEC0E80084A307 /* Build configuration list for PBXNativeTarget "TipsterUITests" */;
			buildPhases = (
				E70854FF1FEEC0E80084A307 /* Sources */,
				E70855001FEEC0E80084A307 /* Frameworks */,
				E70855011FEEC0E80084A307 /* Resources */,
			);
			buildRules = (
			);
			dependencies = (
				E70855051FEEC0E80084A307 /* PBXTargetDependency */,
			);
			name = TipsterUITests;
			productName = TipsterUITests;
			productReference = E70855031FEEC0E80084A307 /* TipsterUITests.xctest */;
			productType = "com.apple.product-type.bundle.ui-testing";
		};
/* End PBXNativeTarget section */

/* Begin PBXProject section */
		E70854DC1FEEC0E80084A307 /* Project object */ = {
			isa = PBXProject;
			attributes = {
				LastSwiftUpdateCheck = 0920;
				LastUpgradeCheck = 0920;
				ORGANIZATIONNAME = somi;
				TargetAttributes = {
					E70854E31FEEC0E80084A307 = {
						CreatedOnToolsVersion = 9.2;
						ProvisioningStyle = Automatic;
					};
					E70854F71FEEC0E80084A307 = {
						CreatedOnToolsVersion = 9.2;
						ProvisioningStyle = Automatic;
						TestTargetID = E70854E31FEEC0E80084A307;
					};
					E70855021FEEC0E80084A307 = {
						CreatedOnToolsVersion = 9.2;
						ProvisioningStyle = Automatic;
						TestTargetID = E70854E31FEEC0E80084A307;
					};
				};
			};
			buildConfigurationList = E70854DF1FEEC0E80084A307 /* Build configuration list for PBXProject "Tipster" */;
			compatibilityVersion = "Xcode 8.0";
			developmentRegion = en;
			hasScannedForEncodings = 0;
			knownRegions = (
				en,
				Base,
			);
			mainGroup = E70854DB1FEEC0E80084A307;
			productRefGroup = E70854E51FEEC0E80084A307 /* Products */;
			projectDirPath = "";
			projectRoot = "";
			targets = (
				E70854E31FEEC0E80084A307 /* Tipster */,
				E70854F71FEEC0E80084A307 /* TipsterTests */,
				E70855021FEEC0E80084A307 /* TipsterUITests */,
			);
		};
/* End PBXProject section */

/* Begin PBXResourcesBuildPhase section */
		E70854E21FEEC0E80084A307 /* Resources */ = {
			isa = PBXResourcesBuildPhase;
			buildActionMask = 2147483647;
			files = (
				E70854F21FEEC0E80084A307 /* LaunchScreen.storyboard in Resources */,
				E70854EF1FEEC0E80084A307 /* Assets.xcassets in Resources */,
				E70854ED1FEEC0E80084A307 /* Main.storyboard in Resources */,
			);
			runOnlyForDeploymentPostprocessing = 0;
		};
		E70854F61FEEC0E80084A307 /* Resources */ = {
			isa = PBXResourcesBuildPhase;
			buildActionMask = 2147483647;
			files = (
			);
			runOnlyForDeploymentPostprocessing = 0;
		};
		E70855011FEEC0E80084A307 /* Resources */ = {
			isa = PBXResourcesBuildPhase;
			buildActionMask = 2147483647;
			files = (
			);
			runOnlyForDeploymentPostprocessing = 0;
		};
/* End PBXResourcesBuildPhase section */

/* Begin PBXSourcesBuildPhase section */
		E70854E01FEEC0E80084A307 /* Sources */ = {
			isa = PBXSourcesBuildPhase;
			buildActionMask = 2147483647;
			files = (
				E70854EA1FEEC0E80084A307 /* ViewController.swift in Sources */,
				E70854E81FEEC0E80084A307 /* AppDelegate.swift in Sources */,
			);
			runOnlyForDeploymentPostprocessing = 0;
		};
		E70854F41FEEC0E80084A307 /* Sources */ = {
			isa = PBXSourcesBuildPhase;
			buildActionMask = 2147483647;
			files = (
				E70854FD1FEEC0E80084A307 /* TipsterTests.swift in Sources */,
			);
			runOnlyForDeploymentPostprocessing = 0;
		};
		E70854FF1FEEC0E80084A307 /* Sources */ = {
			isa = PBXSourcesBuildPhase;
			buildActionMask = 2147483647;
			files = (
				E70855081FEEC0E80084A307 /* TipsterUITests.swift in Sources */,
			);
			runOnlyForDeploymentPostprocessing = 0;
		};
/* End PBXSourcesBuildPhase section */

/* Begin PBXTargetDependency section */
		E70854FA1FEEC0E80084A307 /* PBXTargetDependency */ = {
			isa = PBXTargetDependency;
			target = E70854E31FEEC0E80084A307 /* Tipster */;
			targetProxy = E70854F91FEEC0E80084A307 /* PBXContainerItemProxy */;
		};
		E70855051FEEC0E80084A307 /* PBXTargetDependency */ = {
			isa = PBXTargetDependency;
			target = E70854E31FEEC0E80084A307 /* Tipster */;
			targetProxy = E70855041FEEC0E80084A307 /* PBXContainerItemProxy */;
		};
/* End PBXTargetDependency section */

/* Begin PBXVariantGroup section */
		E70854EB1FEEC0E80084A307 /* Main.storyboard */ = {
			isa = PBXVariantGroup;
			children = (
				E70854EC1FEEC0E80084A307 /* Base */,
			);
			name = Main.storyboard;
			sourceTree = "<group>";
		};
		E70854F01FEEC0E80084A307 /* LaunchScreen.storyboard */ = {
			isa = PBXVariantGroup;
			children = (
				E70854F11FEEC0E80084A307 /* Base */,
			);
			name = LaunchScreen.storyboard;
			sourceTree = "<group>";
		};
/* End PBXVariantGroup section */

/* Begin XCBuildConfiguration section */
		E708550A1FEEC0E80084A307 /* Debug */ = {
			isa = XCBuildConfiguration;
			buildSettings = {
				ALWAYS_SEARCH_USER_PATHS = NO;
				CLANG_ANALYZER_NONNULL = YES;
				CLANG_ANALYZER_NUMBER_OBJECT_CONVERSION = YES_AGGRESSIVE;
				CLANG_CXX_LANGUAGE_STANDARD = "gnu++14";
				CLANG_CXX_LIBRARY = "libc++";
				CLANG_ENABLE_MODULES = YES;
				CLANG_ENABLE_OBJC_ARC = YES;
				CLANG_WARN_BLOCK_CAPTURE_AUTORELEASING = YES;
				CLANG_WARN_BOOL_CONVERSION = YES;
				CLANG_WARN_COMMA = YES;
				CLANG_WARN_CONSTANT_CONVERSION = YES;
				CLANG_WARN_DIRECT_OBJC_ISA_USAGE = YES_ERROR;
				CLANG_WARN_DOCUMENTATION_COMMENTS = YES;
				CLANG_WARN_EMPTY_BODY = YES;
				CLANG_WARN_ENUM_CONVERSION = YES;
				CLANG_WARN_INFINITE_RECURSION = YES;
				CLANG_WARN_INT_CONVERSION = YES;
				CLANG_WARN_NON_LITERAL_NULL_CONVERSION = YES;
				CLANG_WARN_OBJC_LITERAL_CONVERSION = YES;
				CLANG_WARN_OBJC_ROOT_CLASS = YES_ERROR;
				CLANG_WARN_RANGE_LOOP_ANALYSIS = YES;
				CLANG_WARN_STRICT_PROTOTYPES = YES;
				CLANG_WARN_SUSPICIOUS_MOVE = YES;
				CLANG_WARN_UNGUARDED_AVAILABILITY = YES_AGGRESSIVE;
				CLANG_WARN_UNREACHABLE_CODE = YES;
				CLANG_WARN__DUPLICATE_METHOD_MATCH = YES;
				CODE_SIGN_IDENTITY = "iPhone Developer";
				COPY_PHASE_STRIP = NO;
				DEBUG_INFORMATION_FORMAT = dwarf;
				ENABLE_STRICT_OBJC_MSGSEND = YES;
				ENABLE_TESTABILITY = YES;
				GCC_C_LANGUAGE_STANDARD = gnu11;
				GCC_DYNAMIC_NO_PIC = NO;
				GCC_NO_COMMON_BLOCKS = YES;
				GCC_OPTIMIZATION_LEVEL = 0;
				GCC_PREPROCESSOR_DEFINITIONS = (
					"DEBUG=1",
					"$(inherited)",
				);
				GCC_WARN_64_TO_32_BIT_CONVERSION = YES;
				GCC_WARN_ABOUT_RETURN_TYPE = YES_ERROR;
				GCC_WARN_UNDECLARED_SELECTOR = YES;
				GCC_WARN_UNINITIALIZED_AUTOS = YES_AGGRESSIVE;
				GCC_WARN_UNUSED_FUNCTION = YES;
				GCC_WARN_UNUSED_VARIABLE = YES;
				IPHONEOS_DEPLOYMENT_TARGET = 11.2;
				MTL_ENABLE_DEBUG_INFO = YES;
				ONLY_ACTIVE_ARCH = YES;
				SDKROOT = iphoneos;
				SWIFT_ACTIVE_COMPILATION_CONDITIONS = DEBUG;
				SWIFT_OPTIMIZATION_LEVEL = "-Onone";
			};
			name = Debug;
		};
		E708550B1FEEC0E80084A307 /* Release */ = {
			isa = XCBuildConfiguration;
			buildSettings = {
				ALWAYS_SEARCH_USER_PATHS = NO;
				CLANG_ANALYZER_NONNULL = YES;
				CLANG_ANALYZER_NUMBER_OBJECT_CONVERSION = YES_AGGRESSIVE;
				CLANG_CXX_LANGUAGE_STANDARD = "gnu++14";
				CLANG_CXX_LIBRARY = "libc++";
				CLANG_ENABLE_MODULES = YES;
				CLANG_ENABLE_OBJC_ARC = YES;
				CLANG_WARN_BLOCK_CAPTURE_AUTORELEASING = YES;
				CLANG_WARN_BOOL_CONVERSION = YES;
				CLANG_WARN_COMMA = YES;
				CLANG_WARN_CONSTANT_CONVERSION = YES;
				CLANG_WARN_DIRECT_OBJC_ISA_USAGE = YES_ERROR;
				CLANG_WARN_DOCUMENTATION_COMMENTS = YES;
				CLANG_WARN_EMPTY_BODY = YES;
				CLANG_WARN_ENUM_CONVERSION = YES;
				CLANG_WARN_INFINITE_RECURSION = YES;
				CLANG_WARN_INT_CONVERSION = YES;
				CLANG_WARN_NON_LITERAL_NULL_CONVERSION = YES;
				CLANG_WARN_OBJC_LITERAL_CONVERSION = YES;
				CLANG_WARN_OBJC_ROOT_CLASS = YES_ERROR;
				CLANG_WARN_RANGE_LOOP_ANALYSIS = YES;
				CLANG_WARN_STRICT_PROTOTYPES = YES;
				CLANG_WARN_SUSPICIOUS_MOVE = YES;
				CLANG_WARN_UNGUARDED_AVAILABILITY = YES_AGGRESSIVE;
				CLANG_WARN_UNREACHABLE_CODE = YES;
				CLANG_WARN__DUPLICATE_METHOD_MATCH = YES;
				CODE_SIGN_IDENTITY = "iPhone Developer";
				COPY_PHASE_STRIP = NO;
				DEBUG_INFORMATION_FORMAT = "dwarf-with-dsym";
				ENABLE_NS_ASSERTIONS = NO;
				ENABLE_STRICT_OBJC_MSGSEND = YES;
				GCC_C_LANGUAGE_STANDARD = gnu11;
				GCC_NO_COMMON_BLOCKS = YES;
				GCC_WARN_64_TO_32_BIT_CONVERSION = YES;
				GCC_WARN_ABOUT_RETURN_TYPE = YES_ERROR;
				GCC_WARN_UNDECLARED_SELECTOR = YES;
				GCC_WARN_UNINITIALIZED_AUTOS = YES_AGGRESSIVE;
				GCC_WARN_UNUSED_FUNCTION = YES;
				GCC_WARN_UNUSED_VARIABLE = YES;
				IPHONEOS_DEPLOYMENT_TARGET = 11.2;
				MTL_ENABLE_DEBUG_INFO = NO;
				SDKROOT = iphoneos;
				SWIFT_OPTIMIZATION_LEVEL = "-Owholemodule";
				VALIDATE_PRODUCT = YES;
			};
			name = Release;
		};
		E708550D1FEEC0E80084A307 /* Debug */ = {
			isa = XCBuildConfiguration;
			buildSettings = {
				ASSETCATALOG_COMPILER_APPICON_NAME = AppIcon;
				"CODE_SIGN_IDENTITY[sdk=iphoneos*]" = "iPhone Developer";
				CODE_SIGN_STYLE = Automatic;
				DEVELOPMENT_TEAM = "";
				INFOPLIST_FILE = Tipster/Info.plist;
				LD_RUNPATH_SEARCH_PATHS = "$(inherited) @executable_path/Frameworks";
				PRODUCT_BUNDLE_IDENTIFIER = sks.Tipster;
				PRODUCT_NAME = "$(TARGET_NAME)";
				PROVISIONING_PROFILE_SPECIFIER = "";
				SWIFT_VERSION = 4.0;
				TARGETED_DEVICE_FAMILY = "1,2";
			};
			name = Debug;
		};
		E708550E1FEEC0E80084A307 /* Release */ = {
			isa = XCBuildConfiguration;
			buildSettings = {
				ASSETCATALOG_COMPILER_APPICON_NAME = AppIcon;
				"CODE_SIGN_IDENTITY[sdk=iphoneos*]" = "iPhone Developer";
				CODE_SIGN_STYLE = Automatic;
				DEVELOPMENT_TEAM = "";
				INFOPLIST_FILE = Tipster/Info.plist;
				LD_RUNPATH_SEARCH_PATHS = "$(inherited) @executable_path/Frameworks";
				PRODUCT_BUNDLE_IDENTIFIER = sks.Tipster;
				PRODUCT_NAME = "$(TARGET_NAME)";
				PROVISIONING_PROFILE_SPECIFIER = "";
				SWIFT_VERSION = 4.0;
				TARGETED_DEVICE_FAMILY = "1,2";
			};
			name = Release;
		};
		E70855101FEEC0E80084A307 /* Debug */ = {
			isa = XCBuildConfiguration;
			buildSettings = {
				ALWAYS_EMBED_SWIFT_STANDARD_LIBRARIES = YES;
				BUNDLE_LOADER = "$(TEST_HOST)";
				CODE_SIGN_STYLE = Automatic;
				INFOPLIST_FILE = TipsterTests/Info.plist;
				LD_RUNPATH_SEARCH_PATHS = "$(inherited) @executable_path/Frameworks @loader_path/Frameworks";
				PRODUCT_BUNDLE_IDENTIFIER = sks.TipsterTests;
				PRODUCT_NAME = "$(TARGET_NAME)";
				SWIFT_VERSION = 4.0;
				TARGETED_DEVICE_FAMILY = "1,2";
				TEST_HOST = "$(BUILT_PRODUCTS_DIR)/Tipster.app/Tipster";
			};
			name = Debug;
		};
		E70855111FEEC0E80084A307 /* Release */ = {
			isa = XCBuildConfiguration;
			buildSettings = {
				ALWAYS_EMBED_SWIFT_STANDARD_LIBRARIES = YES;
				BUNDLE_LOADER = "$(TEST_HOST)";
				CODE_SIGN_STYLE = Automatic;
				INFOPLIST_FILE = TipsterTests/Info.plist;
				LD_RUNPATH_SEARCH_PATHS = "$(inherited) @executable_path/Frameworks @loader_path/Frameworks";
				PRODUCT_BUNDLE_IDENTIFIER = sks.TipsterTests;
				PRODUCT_NAME = "$(TARGET_NAME)";
				SWIFT_VERSION = 4.0;
				TARGETED_DEVICE_FAMILY = "1,2";
				TEST_HOST = "$(BUILT_PRODUCTS_DIR)/Tipster.app/Tipster";
			};
			name = Release;
		};
		E70855131FEEC0E80084A307 /* Debug */ = {
			isa = XCBuildConfiguration;
			buildSettings = {
				ALWAYS_EMBED_SWIFT_STANDARD_LIBRARIES = YES;
				CODE_SIGN_STYLE = Automatic;
				INFOPLIST_FILE = TipsterUITests/Info.plist;
				LD_RUNPATH_SEARCH_PATHS = "$(inherited) @executable_path/Frameworks @loader_path/Frameworks";
				PRODUCT_BUNDLE_IDENTIFIER = sks.TipsterUITests;
				PRODUCT_NAME = "$(TARGET_NAME)";
				SWIFT_VERSION = 4.0;
				TARGETED_DEVICE_FAMILY = "1,2";
				TEST_TARGET_NAME = Tipster;
			};
			name = Debug;
		};
		E70855141FEEC0E80084A307 /* Release */ = {
			isa = XCBuildConfiguration;
			buildSettings = {
				ALWAYS_EMBED_SWIFT_STANDARD_LIBRARIES = YES;
				CODE_SIGN_STYLE = Automatic;
				INFOPLIST_FILE = TipsterUITests/Info.plist;
				LD_RUNPATH_SEARCH_PATHS = "$(inherited) @executable_path/Frameworks @loader_path/Frameworks";
				PRODUCT_BUNDLE_IDENTIFIER = sks.TipsterUITests;
				PRODUCT_NAME = "$(TARGET_NAME)";
				SWIFT_VERSION = 4.0;
				TARGETED_DEVICE_FAMILY = "1,2";
				TEST_TARGET_NAME = Tipster;
			};
			name = Release;
		};
/* End XCBuildConfiguration section */

/* Begin XCConfigurationList section */
		E70854DF1FEEC0E80084A307 /* Build configuration list for PBXProject "Tipster" */ = {
			isa = XCConfigurationList;
			buildConfigurations = (
				E708550A1FEEC0E80084A307 /* Debug */,
				E708550B1FEEC0E80084A307 /* Release */,
			);
			defaultConfigurationIsVisible = 0;
			defaultConfigurationName = Release;
		};
		E708550C1FEEC0E80084A307 /* Build configuration list for PBXNativeTarget "Tipster" */ = {
			isa = XCConfigurationList;
			buildConfigurations = (
				E708550D1FEEC0E80084A307 /* Debug */,
				E708550E1FEEC0E80084A307 /* Release */,
			);
			defaultConfigurationIsVisible = 0;
			defaultConfigurationName = Release;
		};
		E708550F1FEEC0E80084A307 /* Build configuration list for PBXNativeTarget "TipsterTests" */ = {
			isa = XCConfigurationList;
			buildConfigurations = (
				E70855101FEEC0E80084A307 /* Debug */,
				E70855111FEEC0E80084A307 /* Release */,
			);
			defaultConfigurationIsVisible = 0;
			defaultConfigurationName = Release;
		};
		E70855121FEEC0E80084A307 /* Build configuration list for PBXNativeTarget "TipsterUITests" */ = {
			isa = XCConfigurationList;
			buildConfigurations = (
				E70855131FEEC0E80084A307 /* Debug */,
				E70855141FEEC0E80084A307 /* Release */,
			);
			defaultConfigurationIsVisible = 0;
			defaultConfigurationName = Release;
		};
/* End XCConfigurationList section */
	};
	rootObject = E70854DC1FEEC0E80084A307 /* Project object */;
}
